
Microsoft Visual Studio Solution File, Format Version 12.00
# Visual Studio Version 17
VisualStudioVersion = 17.3.32811.315
MinimumVisualStudioVersion = 10.0.40219.1
Project("{FAE04EC0-301F-11D3-BF4B-00C04F79EFBC}") = "ArrayStruct_Libreria", "ArrayStruct_Libreria\ArrayStruct_Libreria.csproj", "{77FB7BC4-2F0B-48F1-AA97-F63974E6CD9A}"
EndProject
Global
	GlobalSection(SolutionConfigurationPlatforms) = preSolution
		Debug|Any CPU = Debug|Any CPU
		Release|Any CPU = Release|Any CPU
	EndGlobalSection
	GlobalSection(ProjectConfigurationPlatforms) = postSolution
		{77FB7BC4-2F0B-48F1-AA97-F63974E6CD9A}.Debug|Any CPU.ActiveCfg = Debug|Any CPU
		{77FB7BC4-2F0B-48F1-AA97-F63974E6CD9A}.Debug|Any CPU.Build.0 = Debug|Any CPU
		{77FB7BC4-2F0B-48F1-AA97-F63974E6CD9A}.Release|Any CPU.ActiveCfg = Release|Any CPU
		{77FB7BC4-2F0B-48F1-AA97-F63974E6CD9A}.Release|Any CPU.Build.0 = Release|Any CPU
	EndGlobalSection
	GlobalSection(SolutionProperties) = preSolution
		HideSolutionNode = FALSE
	EndGlobalSection
	GlobalSection(ExtensibilityGlobals) = postSolution
		SolutionGuid = {116D825A-3ADF-4062-BD93-CCD7DB01DF3A}
	EndGlobalSection
EndGlobal
