
Microsoft Visual Studio Solution File, Format Version 12.00
# Visual Studio Version 17
VisualStudioVersion = 17.3.32811.315
MinimumVisualStudioVersion = 10.0.40219.1
Project("{FAE04EC0-301F-11D3-BF4B-00C04F79EFBC}") = "ListadoEstudiante_tutoria", "ListadoEstudiante_tutoria\ListadoEstudiante_tutoria.csproj", "{A8A2AA00-6B20-492C-9BE8-23B3EB848AFE}"
EndProject
Global
	GlobalSection(SolutionConfigurationPlatforms) = preSolution
		Debug|Any CPU = Debug|Any CPU
		Release|Any CPU = Release|Any CPU
	EndGlobalSection
	GlobalSection(ProjectConfigurationPlatforms) = postSolution
		{A8A2AA00-6B20-492C-9BE8-23B3EB848AFE}.Debug|Any CPU.ActiveCfg = Debug|Any CPU
		{A8A2AA00-6B20-492C-9BE8-23B3EB848AFE}.Debug|Any CPU.Build.0 = Debug|Any CPU
		{A8A2AA00-6B20-492C-9BE8-23B3EB848AFE}.Release|Any CPU.ActiveCfg = Release|Any CPU
		{A8A2AA00-6B20-492C-9BE8-23B3EB848AFE}.Release|Any CPU.Build.0 = Release|Any CPU
	EndGlobalSection
	GlobalSection(SolutionProperties) = preSolution
		HideSolutionNode = FALSE
	EndGlobalSection
	GlobalSection(ExtensibilityGlobals) = postSolution
		SolutionGuid = {1B2688C2-A4A0-4B2D-A341-2C5DF7050AE2}
	EndGlobalSection
EndGlobal
