
Microsoft Visual Studio Solution File, Format Version 12.00
# Visual Studio Version 17
VisualStudioVersion = 17.3.32811.315
MinimumVisualStudioVersion = 10.0.40219.1
Project("{FAE04EC0-301F-11D3-BF4B-00C04F79EFBC}") = "EjercicioClase2", "EjercicioClase2\EjercicioClase2.csproj", "{682F5F47-4923-428D-9A83-389023BF5ADC}"
EndProject
Global
	GlobalSection(SolutionConfigurationPlatforms) = preSolution
		Debug|Any CPU = Debug|Any CPU
		Release|Any CPU = Release|Any CPU
	EndGlobalSection
	GlobalSection(ProjectConfigurationPlatforms) = postSolution
		{682F5F47-4923-428D-9A83-389023BF5ADC}.Debug|Any CPU.ActiveCfg = Debug|Any CPU
		{682F5F47-4923-428D-9A83-389023BF5ADC}.Debug|Any CPU.Build.0 = Debug|Any CPU
		{682F5F47-4923-428D-9A83-389023BF5ADC}.Release|Any CPU.ActiveCfg = Release|Any CPU
		{682F5F47-4923-428D-9A83-389023BF5ADC}.Release|Any CPU.Build.0 = Release|Any CPU
	EndGlobalSection
	GlobalSection(SolutionProperties) = preSolution
		HideSolutionNode = FALSE
	EndGlobalSection
	GlobalSection(ExtensibilityGlobals) = postSolution
		SolutionGuid = {599AA0DC-0105-4CF1-AA68-2F3C6FF861A5}
	EndGlobalSection
EndGlobal
